
Microsoft Visual Studio Solution File, Format Version 12.00
# Visual Studio 15
VisualStudioVersion = 15.0.27428.2043
MinimumVisualStudioVersion = 10.0.40219.1
Project("{FAE04EC0-301F-11D3-BF4B-00C04F79EFBC}") = "ShoppingCart", "ShoppingCart\ShoppingCart.csproj", "{C94555CE-8622-407E-A85B-8743BF51C8A7}"
EndProject
Project("{FAE04EC0-301F-11D3-BF4B-00C04F79EFBC}") = "ShoppingCart.Commons", "ShoppingCart.commons\ShoppingCart.Commons.csproj", "{DD60D659-D9D8-4541-AFF2-1FD271095244}"
EndProject
Global
	GlobalSection(SolutionConfigurationPlatforms) = preSolution
		Debug|Any CPU = Debug|Any CPU
		Release|Any CPU = Release|Any CPU
	EndGlobalSection
	GlobalSection(ProjectConfigurationPlatforms) = postSolution
		{C94555CE-8622-407E-A85B-8743BF51C8A7}.Debug|Any CPU.ActiveCfg = Debug|Any CPU
		{C94555CE-8622-407E-A85B-8743BF51C8A7}.Debug|Any CPU.Build.0 = Debug|Any CPU
		{C94555CE-8622-407E-A85B-8743BF51C8A7}.Release|Any CPU.ActiveCfg = Release|Any CPU
		{C94555CE-8622-407E-A85B-8743BF51C8A7}.Release|Any CPU.Build.0 = Release|Any CPU
		{DD60D659-D9D8-4541-AFF2-1FD271095244}.Debug|Any CPU.ActiveCfg = Debug|Any CPU
		{DD60D659-D9D8-4541-AFF2-1FD271095244}.Debug|Any CPU.Build.0 = Debug|Any CPU
		{DD60D659-D9D8-4541-AFF2-1FD271095244}.Release|Any CPU.ActiveCfg = Release|Any CPU
		{DD60D659-D9D8-4541-AFF2-1FD271095244}.Release|Any CPU.Build.0 = Release|Any CPU
	EndGlobalSection
	GlobalSection(SolutionProperties) = preSolution
		HideSolutionNode = FALSE
	EndGlobalSection
	GlobalSection(ExtensibilityGlobals) = postSolution
		SolutionGuid = {19C0BE2F-09F7-4160-B346-C3508C0E0117}
	EndGlobalSection
EndGlobal
